<?xml version="1.0" encoding="utf-8"?>
<Project ToolsVersion="4.0" xmlns="http://schemas.microsoft.com/developer/msbuild/2003">
  <ItemGroup>
    <ClCompile Include="WX.cpp" />
  </ItemGroup>
  <ItemGroup>
    <Filter Include="WX">
      <UniqueIdentifier>{fd0219e7-639e-4c47-b666-c705fff999f6}</UniqueIdentifier>
    </Filter>
  </ItemGroup>
  <ItemGroup>
    <None Include="wx\msg_ctl.inl">
      <Filter>WX</Filter>
    </None>
    <None Include="wx\msg.inl">
      <Filter>WX</Filter>
    </None>
    <None Include="wx\defs.h">
      <Filter>WX</Filter>
    </None>
  </ItemGroup>
  <ItemGroup>
    <ClInclude Include="wx\window.h">
      <Filter>WX</Filter>
    </ClInclude>
    <ClInclude Include="wx\type.h">
      <Filter>WX</Filter>
    </ClInclude>
    <ClInclude Include="wx\security.h">
      <Filter>WX</Filter>
    </ClInclude>
    <ClInclude Include="wx\resource.h">
      <Filter>WX</Filter>
    </ClInclude>
    <ClInclude Include="wx\realtime.h">
      <Filter>WX</Filter>
    </ClInclude>
    <ClInclude Include="wx\dialog.h">
      <Filter>WX</Filter>
    </ClInclude>
    <ClInclude Include="wx\control.h">
      <Filter>WX</Filter>
    </ClInclude>
    <ClInclude Include="wx\file.h">
      <Filter>WX</Filter>
    </ClInclude>
  </ItemGroup>
</Project>